
Microsoft Visual Studio Solution File, Format Version 12.00
# Visual Studio Version 17
VisualStudioVersion = 17.0.31903.59
MinimumVisualStudioVersion = 10.0.40219.1
Project("{2150E333-8FDC-42A3-9474-1A3956D46DE8}") = "src", "src", "{E16C061E-3F7B-4B2E-A14C-315D40B125CC}"
EndProject
Project("{2150E333-8FDC-42A3-9474-1A3956D46DE8}") = "Lambda", "Lambda", "{ECC02272-A1A1-413B-A6CD-7A00ADCC38B6}"
EndProject
Project("{FAE04EC0-301F-11D3-BF4B-00C04F79EFBC}") = "Cerberus", "src\Lambda\Cerberus.csproj", "{F3108A95-5DC0-4755-AFDF-46833EDA26A8}"
EndProject
Project("{2150E333-8FDC-42A3-9474-1A3956D46DE8}") = "Api", "Api", "{E2A6313B-5344-4910-BD01-72D040067FAD}"
EndProject
Project("{FAE04EC0-301F-11D3-BF4B-00C04F79EFBC}") = "Cerberus.Api", "src\Api\Cerberus.Api\Cerberus.Api.csproj", "{AF7DF6F1-2832-48BE-8AD0-F220D6CB5EFB}"
EndProject
Global
	GlobalSection(SolutionConfigurationPlatforms) = preSolution
		Debug|Any CPU = Debug|Any CPU
		Release|Any CPU = Release|Any CPU
	EndGlobalSection
	GlobalSection(ProjectConfigurationPlatforms) = postSolution
		{F3108A95-5DC0-4755-AFDF-46833EDA26A8}.Debug|Any CPU.ActiveCfg = Debug|Any CPU
		{F3108A95-5DC0-4755-AFDF-46833EDA26A8}.Debug|Any CPU.Build.0 = Debug|Any CPU
		{F3108A95-5DC0-4755-AFDF-46833EDA26A8}.Release|Any CPU.ActiveCfg = Release|Any CPU
		{F3108A95-5DC0-4755-AFDF-46833EDA26A8}.Release|Any CPU.Build.0 = Release|Any CPU
		{AF7DF6F1-2832-48BE-8AD0-F220D6CB5EFB}.Debug|Any CPU.ActiveCfg = Debug|Any CPU
		{AF7DF6F1-2832-48BE-8AD0-F220D6CB5EFB}.Debug|Any CPU.Build.0 = Debug|Any CPU
		{AF7DF6F1-2832-48BE-8AD0-F220D6CB5EFB}.Release|Any CPU.ActiveCfg = Release|Any CPU
		{AF7DF6F1-2832-48BE-8AD0-F220D6CB5EFB}.Release|Any CPU.Build.0 = Release|Any CPU
	EndGlobalSection
	GlobalSection(SolutionProperties) = preSolution
		HideSolutionNode = FALSE
	EndGlobalSection
	GlobalSection(NestedProjects) = preSolution
		{ECC02272-A1A1-413B-A6CD-7A00ADCC38B6} = {E16C061E-3F7B-4B2E-A14C-315D40B125CC}
		{F3108A95-5DC0-4755-AFDF-46833EDA26A8} = {ECC02272-A1A1-413B-A6CD-7A00ADCC38B6}
		{E2A6313B-5344-4910-BD01-72D040067FAD} = {E16C061E-3F7B-4B2E-A14C-315D40B125CC}
		{AF7DF6F1-2832-48BE-8AD0-F220D6CB5EFB} = {E2A6313B-5344-4910-BD01-72D040067FAD}
	EndGlobalSection
EndGlobal
